
Microsoft Visual Studio Solution File, Format Version 12.00
# Visual Studio Version 17
VisualStudioVersion = 17.8.34511.84
MinimumVisualStudioVersion = 10.0.40219.1
Project("{FAE04EC0-301F-11D3-BF4B-00C04F79EFBC}") = "WebBanHang_T2", "WebBanHang_T2\WebBanHang_T2.csproj", "{8613A380-246D-4BEB-9DED-31FCB4B3E456}"
EndProject
Global
	GlobalSection(SolutionConfigurationPlatforms) = preSolution
		Debug|Any CPU = Debug|Any CPU
		Release|Any CPU = Release|Any CPU
	EndGlobalSection
	GlobalSection(ProjectConfigurationPlatforms) = postSolution
		{8613A380-246D-4BEB-9DED-31FCB4B3E456}.Debug|Any CPU.ActiveCfg = Debug|Any CPU
		{8613A380-246D-4BEB-9DED-31FCB4B3E456}.Debug|Any CPU.Build.0 = Debug|Any CPU
		{8613A380-246D-4BEB-9DED-31FCB4B3E456}.Release|Any CPU.ActiveCfg = Release|Any CPU
		{8613A380-246D-4BEB-9DED-31FCB4B3E456}.Release|Any CPU.Build.0 = Release|Any CPU
	EndGlobalSection
	GlobalSection(SolutionProperties) = preSolution
		HideSolutionNode = FALSE
	EndGlobalSection
	GlobalSection(ExtensibilityGlobals) = postSolution
		SolutionGuid = {40120ED0-AE06-4F79-B66C-274FB56E9349}
	EndGlobalSection
EndGlobal
